
Microsoft Visual Studio Solution File, Format Version 12.00
# Visual Studio 15
VisualStudioVersion = 15.0.28307.852
MinimumVisualStudioVersion = 10.0.40219.1
Project("{FAE04EC0-301F-11D3-BF4B-00C04F79EFBC}") = "OdeToFood", "OdeToFood\OdeToFood.csproj", "{BCA3C4C7-5331-46DE-B0F1-8FE673F24555}"
EndProject
Project("{FAE04EC0-301F-11D3-BF4B-00C04F79EFBC}") = "OdeToFood.Core", "OdeToFood.Core\OdeToFood.Core.csproj", "{A2E47151-EDF2-41E0-997B-FA5C7F683DB4}"
EndProject
Project("{FAE04EC0-301F-11D3-BF4B-00C04F79EFBC}") = "OdeToFood.Data", "OdeToFood.Data\OdeToFood.Data.csproj", "{345147CA-C348-4E16-8CD1-2263DB73EEA7}"
EndProject
Global
	GlobalSection(SolutionConfigurationPlatforms) = preSolution
		Debug|Any CPU = Debug|Any CPU
		Release|Any CPU = Release|Any CPU
	EndGlobalSection
	GlobalSection(ProjectConfigurationPlatforms) = postSolution
		{BCA3C4C7-5331-46DE-B0F1-8FE673F24555}.Debug|Any CPU.ActiveCfg = Debug|Any CPU
		{BCA3C4C7-5331-46DE-B0F1-8FE673F24555}.Debug|Any CPU.Build.0 = Debug|Any CPU
		{BCA3C4C7-5331-46DE-B0F1-8FE673F24555}.Release|Any CPU.ActiveCfg = Release|Any CPU
		{BCA3C4C7-5331-46DE-B0F1-8FE673F24555}.Release|Any CPU.Build.0 = Release|Any CPU
		{A2E47151-EDF2-41E0-997B-FA5C7F683DB4}.Debug|Any CPU.ActiveCfg = Debug|Any CPU
		{A2E47151-EDF2-41E0-997B-FA5C7F683DB4}.Debug|Any CPU.Build.0 = Debug|Any CPU
		{A2E47151-EDF2-41E0-997B-FA5C7F683DB4}.Release|Any CPU.ActiveCfg = Release|Any CPU
		{A2E47151-EDF2-41E0-997B-FA5C7F683DB4}.Release|Any CPU.Build.0 = Release|Any CPU
		{345147CA-C348-4E16-8CD1-2263DB73EEA7}.Debug|Any CPU.ActiveCfg = Debug|Any CPU
		{345147CA-C348-4E16-8CD1-2263DB73EEA7}.Debug|Any CPU.Build.0 = Debug|Any CPU
		{345147CA-C348-4E16-8CD1-2263DB73EEA7}.Release|Any CPU.ActiveCfg = Release|Any CPU
		{345147CA-C348-4E16-8CD1-2263DB73EEA7}.Release|Any CPU.Build.0 = Release|Any CPU
	EndGlobalSection
	GlobalSection(SolutionProperties) = preSolution
		HideSolutionNode = FALSE
	EndGlobalSection
	GlobalSection(ExtensibilityGlobals) = postSolution
		SolutionGuid = {FCCC1CAB-D06C-4B38-9B63-D41A1525FE53}
	EndGlobalSection
EndGlobal
